
Microsoft Visual Studio Solution File, Format Version 12.00
# Visual Studio Version 17
VisualStudioVersion = 17.3.32901.215
MinimumVisualStudioVersion = 10.0.40219.1
Project("{FAE04EC0-301F-11D3-BF4B-00C04F79EFBC}") = "singly_linked_list", "singly_linked_list\singly_linked_list.csproj", "{869DACFE-69C5-42AC-9733-669121F64DCD}"
EndProject
Global
	GlobalSection(SolutionConfigurationPlatforms) = preSolution
		Debug|Any CPU = Debug|Any CPU
		Release|Any CPU = Release|Any CPU
	EndGlobalSection
	GlobalSection(ProjectConfigurationPlatforms) = postSolution
		{869DACFE-69C5-42AC-9733-669121F64DCD}.Debug|Any CPU.ActiveCfg = Debug|Any CPU
		{869DACFE-69C5-42AC-9733-669121F64DCD}.Debug|Any CPU.Build.0 = Debug|Any CPU
		{869DACFE-69C5-42AC-9733-669121F64DCD}.Release|Any CPU.ActiveCfg = Release|Any CPU
		{869DACFE-69C5-42AC-9733-669121F64DCD}.Release|Any CPU.Build.0 = Release|Any CPU
	EndGlobalSection
	GlobalSection(SolutionProperties) = preSolution
		HideSolutionNode = FALSE
	EndGlobalSection
	GlobalSection(ExtensibilityGlobals) = postSolution
		SolutionGuid = {0485B0F9-585C-4D45-A94E-D45F5F08F7E3}
	EndGlobalSection
EndGlobal
